
Microsoft Visual Studio Solution File, Format Version 12.00
# Visual Studio 15
VisualStudioVersion = 15.0.26228.0
MinimumVisualStudioVersion = 10.0.40219.1
Project("{9A19103F-16F7-4668-BE54-9A1E7A4F7556}") = "GUISUVPay", "GUISUVPay\GUISUVPay.csproj", "{55B98A3D-999E-49FF-B8D8-916C2FD67406}"
EndProject
Project("{FAE04EC0-301F-11D3-BF4B-00C04F79EFBC}") = "SUISUVPayEntity", "GUISUVEntity\SUISUVPayEntity.csproj", "{34ADCAB2-AB98-42C6-BEAA-E7A53880C7D2}"
EndProject
Project("{FAE04EC0-301F-11D3-BF4B-00C04F79EFBC}") = "AopSdk", "alipay-sdk-NET-20170209153316\AopSdk.csproj", "{9C11CAE5-5188-4E71-825B-68FC3135728A}"
EndProject
Global
	GlobalSection(SolutionConfigurationPlatforms) = preSolution
		Debug|Any CPU = Debug|Any CPU
		Release|Any CPU = Release|Any CPU
	EndGlobalSection
	GlobalSection(ProjectConfigurationPlatforms) = postSolution
		{55B98A3D-999E-49FF-B8D8-916C2FD67406}.Debug|Any CPU.ActiveCfg = Debug|Any CPU
		{55B98A3D-999E-49FF-B8D8-916C2FD67406}.Debug|Any CPU.Build.0 = Debug|Any CPU
		{55B98A3D-999E-49FF-B8D8-916C2FD67406}.Release|Any CPU.ActiveCfg = Release|Any CPU
		{55B98A3D-999E-49FF-B8D8-916C2FD67406}.Release|Any CPU.Build.0 = Release|Any CPU
		{34ADCAB2-AB98-42C6-BEAA-E7A53880C7D2}.Debug|Any CPU.ActiveCfg = Debug|Any CPU
		{34ADCAB2-AB98-42C6-BEAA-E7A53880C7D2}.Debug|Any CPU.Build.0 = Debug|Any CPU
		{34ADCAB2-AB98-42C6-BEAA-E7A53880C7D2}.Release|Any CPU.ActiveCfg = Release|Any CPU
		{34ADCAB2-AB98-42C6-BEAA-E7A53880C7D2}.Release|Any CPU.Build.0 = Release|Any CPU
		{9C11CAE5-5188-4E71-825B-68FC3135728A}.Debug|Any CPU.ActiveCfg = Debug|Any CPU
		{9C11CAE5-5188-4E71-825B-68FC3135728A}.Debug|Any CPU.Build.0 = Debug|Any CPU
		{9C11CAE5-5188-4E71-825B-68FC3135728A}.Release|Any CPU.ActiveCfg = Release|Any CPU
		{9C11CAE5-5188-4E71-825B-68FC3135728A}.Release|Any CPU.Build.0 = Release|Any CPU
	EndGlobalSection
	GlobalSection(SolutionProperties) = preSolution
		HideSolutionNode = FALSE
	EndGlobalSection
EndGlobal
